
Microsoft Visual Studio Solution File, Format Version 12.00
# Visual Studio Version 17
VisualStudioVersion = 17.9.34616.47
MinimumVisualStudioVersion = 10.0.40219.1
Project("{FAE04EC0-301F-11D3-BF4B-00C04F79EFBC}") = "MSTest Test Project", "MSTest Test Project\MSTest Test Project.csproj", "{9C73ED18-E80C-43ED-833C-14B003CE6BA4}"
EndProject
Global
	GlobalSection(SolutionConfigurationPlatforms) = preSolution
		Debug|Any CPU = Debug|Any CPU
		Release|Any CPU = Release|Any CPU
	EndGlobalSection
	GlobalSection(ProjectConfigurationPlatforms) = postSolution
		{9C73ED18-E80C-43ED-833C-14B003CE6BA4}.Debug|Any CPU.ActiveCfg = Debug|Any CPU
		{9C73ED18-E80C-43ED-833C-14B003CE6BA4}.Debug|Any CPU.Build.0 = Debug|Any CPU
		{9C73ED18-E80C-43ED-833C-14B003CE6BA4}.Release|Any CPU.ActiveCfg = Release|Any CPU
		{9C73ED18-E80C-43ED-833C-14B003CE6BA4}.Release|Any CPU.Build.0 = Release|Any CPU
	EndGlobalSection
	GlobalSection(SolutionProperties) = preSolution
		HideSolutionNode = FALSE
	EndGlobalSection
	GlobalSection(ExtensibilityGlobals) = postSolution
		SolutionGuid = {64D68533-8C96-4B85-97A7-F77B85D15FE4}
	EndGlobalSection
EndGlobal
